{
    "_readme": [
        "This file locks the dependencies of your project to a known state",
        "Read more about it at https://getcomposer.org/doc/01-basic-usage.md#installing-dependencies",
        "This file is @generated automatically"
    ],
    "content-hash": "1c5b238288bda7992c8cfe5fd97b5d2d",
    "packages": [
        {
            "name": "sempia/display-warnings",
            "version": "1.0.0",
            "source": {
                "type": "git",
                "url": "https://gitlab.com/Sempia/composer-plugin-display-warnings.git",
                "reference": "4df03d2b96e6b0c5567cb139c700097497fafba4"
            },
            "dist": {
                "type": "zip",
                "url": "https://gitlab.com/api/v4/projects/Sempia%2Fcomposer-plugin-display-warnings/repository/archive.zip?sha=4df03d2b96e6b0c5567cb139c700097497fafba4",
                "reference": "4df03d2b96e6b0c5567cb139c700097497fafba4",
                "shasum": ""
            },
            "require": {
                "composer-plugin-api": "^2.0"
            },
            "require-dev": {
                "composer/composer": "^2.0",
                "phpunit/phpunit": "^9.5 || ^10.0"
            },
            "type": "composer-plugin",
            "extra": {
                "class": "Sempia\\ComposerDisplayWarnings\\Plugin"
            },
            "autoload": {
                "psr-4": {
                    "Sempia\\ComposerDisplayWarnings\\": "src/"
                }
            },
            "notification-url": "https://packagist.org/downloads/",
            "license": [
                "CECILL-2.1"
            ],
            "authors": [
                {
                    "name": "Daniel Berthereau",
                    "email": "Daniel.fr@Berthereau.net"
                }
            ],
            "description": "Composer plugin to display post-install warnings defined in package extra.warnings",
            "homepage": "https://gitlab.com/sempia/composer-plugin-display-warnings",
            "keywords": [
                "composer-plugin",
                "display",
                "post-install",
                "warnings"
            ],
            "support": {
                "issues": "https://gitlab.com/Sempia/composer-plugin-display-warnings/-/issues",
                "source": "https://gitlab.com/Sempia/composer-plugin-display-warnings/-/tree/1.0.0"
            },
            "time": "2026-02-09T00:00:00+00:00"
        }
    ],
    "packages-dev": [],
    "aliases": [],
    "minimum-stability": "stable",
    "stability-flags": {},
    "prefer-stable": false,
    "prefer-lowest": false,
    "platform": {},
    "platform-dev": {},
    "plugin-api-version": "2.6.0"
}
